<Solution>
    <Folder Name="/Interfaces/">
        <Project Path="Interfaces/Interfaces.TelegramBot/Interfaces.TelegramBot.csproj" />
    </Folder>
    <Folder Name="/Runtime/">
        <Project Path="Runtime/Runtime.Core/Runtime.Core.csproj" />
        <Project Path="Runtime/Runtime.WebApi/Runtime.WebApi.csproj" />
        <Project Path="Runtime/ServiceDefaults/ServiceDefaults.csproj" />
        <Project Path="Runtime/TMPTest/TMPTest.csproj" />
    </Folder>
    <Folder Name="/Solution items/">
        <File Path=".gitignore" />
    </Folder>
    <Folder Name="/Supervisor/">
        <Project Path="Supervisor/Supervisor.Application/Supervisor.Application.csproj" />
        <Project Path="Supervisor/Supervisor.Cli/Supervisor.Cli.csproj" />
        <Project Path="Supervisor/Supervisor.Domain/Supervisor.Domain.csproj" />
        <Project Path="Supervisor/Supervisor.Infra/Supervisor.Infra.csproj" />
    </Folder>
    <Project Path="ServiceDefaults/ServiceDefaults.csproj" />
</Solution>
